
Microsoft Visual Studio Solution File, Format Version 12.00
# Visual Studio Version 16
VisualStudioVersion = 16.0.29920.165
MinimumVisualStudioVersion = 10.0.40219.1
Project("{FAE04EC0-301F-11D3-BF4B-00C04F79EFBC}") = "GBMWeb.Api", "GBMWeb.Api\GBMWeb.Api.csproj", "{92A6153D-DABD-4254-931E-F8071947900A}"
EndProject
Project("{FAE04EC0-301F-11D3-BF4B-00C04F79EFBC}") = "GBMWeb.Client", "GBMWeb.Client\GBMWeb.Client.csproj", "{F8F05240-D89F-442E-840E-15F8FDD11FF2}"
EndProject
Project("{FAE04EC0-301F-11D3-BF4B-00C04F79EFBC}") = "GBMWeb.Data", "GBMWeb.Data\GBMWeb.Data.csproj", "{65126030-458B-4D11-AD0E-5A42C9FA77F3}"
EndProject
Project("{FAE04EC0-301F-11D3-BF4B-00C04F79EFBC}") = "GBMWeb.Shared", "GBMWeb.Shared\GBMWeb.Shared.csproj", "{BEEEC92B-29FD-4AFC-A7DA-7BD9BDDCEAE4}"
EndProject
Global
	GlobalSection(SolutionConfigurationPlatforms) = preSolution
		Debug|Any CPU = Debug|Any CPU
		Release|Any CPU = Release|Any CPU
	EndGlobalSection
	GlobalSection(ProjectConfigurationPlatforms) = postSolution
		{92A6153D-DABD-4254-931E-F8071947900A}.Debug|Any CPU.ActiveCfg = Debug|Any CPU
		{92A6153D-DABD-4254-931E-F8071947900A}.Debug|Any CPU.Build.0 = Debug|Any CPU
		{92A6153D-DABD-4254-931E-F8071947900A}.Release|Any CPU.ActiveCfg = Release|Any CPU
		{92A6153D-DABD-4254-931E-F8071947900A}.Release|Any CPU.Build.0 = Release|Any CPU
		{F8F05240-D89F-442E-840E-15F8FDD11FF2}.Debug|Any CPU.ActiveCfg = Debug|Any CPU
		{F8F05240-D89F-442E-840E-15F8FDD11FF2}.Debug|Any CPU.Build.0 = Debug|Any CPU
		{F8F05240-D89F-442E-840E-15F8FDD11FF2}.Release|Any CPU.ActiveCfg = Release|Any CPU
		{F8F05240-D89F-442E-840E-15F8FDD11FF2}.Release|Any CPU.Build.0 = Release|Any CPU
		{65126030-458B-4D11-AD0E-5A42C9FA77F3}.Debug|Any CPU.ActiveCfg = Debug|Any CPU
		{65126030-458B-4D11-AD0E-5A42C9FA77F3}.Debug|Any CPU.Build.0 = Debug|Any CPU
		{65126030-458B-4D11-AD0E-5A42C9FA77F3}.Release|Any CPU.ActiveCfg = Release|Any CPU
		{65126030-458B-4D11-AD0E-5A42C9FA77F3}.Release|Any CPU.Build.0 = Release|Any CPU
		{BEEEC92B-29FD-4AFC-A7DA-7BD9BDDCEAE4}.Debug|Any CPU.ActiveCfg = Debug|Any CPU
		{BEEEC92B-29FD-4AFC-A7DA-7BD9BDDCEAE4}.Debug|Any CPU.Build.0 = Debug|Any CPU
		{BEEEC92B-29FD-4AFC-A7DA-7BD9BDDCEAE4}.Release|Any CPU.ActiveCfg = Release|Any CPU
		{BEEEC92B-29FD-4AFC-A7DA-7BD9BDDCEAE4}.Release|Any CPU.Build.0 = Release|Any CPU
	EndGlobalSection
	GlobalSection(SolutionProperties) = preSolution
		HideSolutionNode = FALSE
	EndGlobalSection
	GlobalSection(ExtensibilityGlobals) = postSolution
		SolutionGuid = {E92094DE-222D-4087-BDE2-4DD88570F8FD}
	EndGlobalSection
EndGlobal
